
Microsoft Visual Studio Solution File, Format Version 12.00
# Visual Studio Version 17
VisualStudioVersion = 17.0.31903.59
MinimumVisualStudioVersion = 10.0.40219.1
Project("{2150E333-8FDC-42A3-9474-1A3956D46DE8}") = "services", "services", "{DA5BC98C-79D1-43A7-9A3A-5104280FFA33}"
EndProject
Project("{2150E333-8FDC-42A3-9474-1A3956D46DE8}") = "account-service", "account-service", "{3389D2D3-8863-4D55-B7E2-9999E5771C46}"
EndProject
Project("{2150E333-8FDC-42A3-9474-1A3956D46DE8}") = "src", "src", "{3488CA92-B859-4D5C-9E1E-A9A835015A9A}"
EndProject
Project("{FAE04EC0-301F-11D3-BF4B-00C04F79EFBC}") = "API", "services\account-service\src\API\API.csproj", "{E5248DA3-6FE2-4D75-9D5A-7FB103F4BEC4}"
EndProject
Project("{FAE04EC0-301F-11D3-BF4B-00C04F79EFBC}") = "Application", "services\account-service\src\Application\Application.csproj", "{8FF547DC-10D7-480A-B9A3-E735694DA460}"
EndProject
Project("{FAE04EC0-301F-11D3-BF4B-00C04F79EFBC}") = "Domain", "services\account-service\src\Domain\Domain.csproj", "{FBE15F3F-D774-4EAE-B47F-CFA71C3B2F2C}"
EndProject
Project("{FAE04EC0-301F-11D3-BF4B-00C04F79EFBC}") = "Infrastructure", "services\account-service\src\Infrastructure\Infrastructure.csproj", "{4C33EBD2-96E7-4B35-B547-A7D918F641EF}"
EndProject
Project("{2150E333-8FDC-42A3-9474-1A3956D46DE8}") = "tests", "tests", "{0A34F597-C857-441F-BE9F-DAA7E07B4640}"
EndProject
Project("{FAE04EC0-301F-11D3-BF4B-00C04F79EFBC}") = "UnitTests", "services\account-service\tests\UnitTests\UnitTests.csproj", "{8AE7612F-F922-4CB7-BB70-52B1B0B74BCB}"
EndProject
Project("{2150E333-8FDC-42A3-9474-1A3956D46DE8}") = "transaction-service", "transaction-service", "{8D812A2B-4844-4178-9EB4-8E50514658C0}"
EndProject
Project("{2150E333-8FDC-42A3-9474-1A3956D46DE8}") = "src", "src", "{582409D2-9AFA-452B-A5B3-584A50A17C3B}"
EndProject
Project("{FAE04EC0-301F-11D3-BF4B-00C04F79EFBC}") = "API", "services\transaction-service\src\API\API.csproj", "{F17CAB68-3B78-411B-882A-CFF14AD9BB94}"
EndProject
Project("{FAE04EC0-301F-11D3-BF4B-00C04F79EFBC}") = "Application", "services\transaction-service\src\Application\Application.csproj", "{5983A0AD-17EC-4F49-85F4-E9EE487CB133}"
EndProject
Project("{FAE04EC0-301F-11D3-BF4B-00C04F79EFBC}") = "Domain", "services\transaction-service\src\Domain\Domain.csproj", "{B0D8BC13-987A-4BF8-BC33-15B012714DDA}"
EndProject
Project("{FAE04EC0-301F-11D3-BF4B-00C04F79EFBC}") = "Infrastructure", "services\transaction-service\src\Infrastructure\Infrastructure.csproj", "{F6F3221E-7EB2-4D4B-9369-6158AB94B5E5}"
EndProject
Project("{2150E333-8FDC-42A3-9474-1A3956D46DE8}") = "tests", "tests", "{F8997505-F6F6-4F15-9666-0861A6482122}"
EndProject
Project("{FAE04EC0-301F-11D3-BF4B-00C04F79EFBC}") = "UnitTests", "services\transaction-service\tests\UnitTests\UnitTests.csproj", "{F5F2D989-7D24-4AE8-97D7-9AA9017A44E7}"
EndProject
Global
	GlobalSection(SolutionConfigurationPlatforms) = preSolution
		Debug|Any CPU = Debug|Any CPU
		Release|Any CPU = Release|Any CPU
	EndGlobalSection
	GlobalSection(SolutionProperties) = preSolution
		HideSolutionNode = FALSE
	EndGlobalSection
	GlobalSection(ProjectConfigurationPlatforms) = postSolution
		{E5248DA3-6FE2-4D75-9D5A-7FB103F4BEC4}.Debug|Any CPU.ActiveCfg = Debug|Any CPU
		{E5248DA3-6FE2-4D75-9D5A-7FB103F4BEC4}.Debug|Any CPU.Build.0 = Debug|Any CPU
		{E5248DA3-6FE2-4D75-9D5A-7FB103F4BEC4}.Release|Any CPU.ActiveCfg = Release|Any CPU
		{E5248DA3-6FE2-4D75-9D5A-7FB103F4BEC4}.Release|Any CPU.Build.0 = Release|Any CPU
		{8FF547DC-10D7-480A-B9A3-E735694DA460}.Debug|Any CPU.ActiveCfg = Debug|Any CPU
		{8FF547DC-10D7-480A-B9A3-E735694DA460}.Debug|Any CPU.Build.0 = Debug|Any CPU
		{8FF547DC-10D7-480A-B9A3-E735694DA460}.Release|Any CPU.ActiveCfg = Release|Any CPU
		{8FF547DC-10D7-480A-B9A3-E735694DA460}.Release|Any CPU.Build.0 = Release|Any CPU
		{FBE15F3F-D774-4EAE-B47F-CFA71C3B2F2C}.Debug|Any CPU.ActiveCfg = Debug|Any CPU
		{FBE15F3F-D774-4EAE-B47F-CFA71C3B2F2C}.Debug|Any CPU.Build.0 = Debug|Any CPU
		{FBE15F3F-D774-4EAE-B47F-CFA71C3B2F2C}.Release|Any CPU.ActiveCfg = Release|Any CPU
		{FBE15F3F-D774-4EAE-B47F-CFA71C3B2F2C}.Release|Any CPU.Build.0 = Release|Any CPU
		{4C33EBD2-96E7-4B35-B547-A7D918F641EF}.Debug|Any CPU.ActiveCfg = Debug|Any CPU
		{4C33EBD2-96E7-4B35-B547-A7D918F641EF}.Debug|Any CPU.Build.0 = Debug|Any CPU
		{4C33EBD2-96E7-4B35-B547-A7D918F641EF}.Release|Any CPU.ActiveCfg = Release|Any CPU
		{4C33EBD2-96E7-4B35-B547-A7D918F641EF}.Release|Any CPU.Build.0 = Release|Any CPU
		{8AE7612F-F922-4CB7-BB70-52B1B0B74BCB}.Debug|Any CPU.ActiveCfg = Debug|Any CPU
		{8AE7612F-F922-4CB7-BB70-52B1B0B74BCB}.Debug|Any CPU.Build.0 = Debug|Any CPU
		{8AE7612F-F922-4CB7-BB70-52B1B0B74BCB}.Release|Any CPU.ActiveCfg = Release|Any CPU
		{8AE7612F-F922-4CB7-BB70-52B1B0B74BCB}.Release|Any CPU.Build.0 = Release|Any CPU
		{F17CAB68-3B78-411B-882A-CFF14AD9BB94}.Debug|Any CPU.ActiveCfg = Debug|Any CPU
		{F17CAB68-3B78-411B-882A-CFF14AD9BB94}.Debug|Any CPU.Build.0 = Debug|Any CPU
		{F17CAB68-3B78-411B-882A-CFF14AD9BB94}.Release|Any CPU.ActiveCfg = Release|Any CPU
		{F17CAB68-3B78-411B-882A-CFF14AD9BB94}.Release|Any CPU.Build.0 = Release|Any CPU
		{5983A0AD-17EC-4F49-85F4-E9EE487CB133}.Debug|Any CPU.ActiveCfg = Debug|Any CPU
		{5983A0AD-17EC-4F49-85F4-E9EE487CB133}.Debug|Any CPU.Build.0 = Debug|Any CPU
		{5983A0AD-17EC-4F49-85F4-E9EE487CB133}.Release|Any CPU.ActiveCfg = Release|Any CPU
		{5983A0AD-17EC-4F49-85F4-E9EE487CB133}.Release|Any CPU.Build.0 = Release|Any CPU
		{B0D8BC13-987A-4BF8-BC33-15B012714DDA}.Debug|Any CPU.ActiveCfg = Debug|Any CPU
		{B0D8BC13-987A-4BF8-BC33-15B012714DDA}.Debug|Any CPU.Build.0 = Debug|Any CPU
		{B0D8BC13-987A-4BF8-BC33-15B012714DDA}.Release|Any CPU.ActiveCfg = Release|Any CPU
		{B0D8BC13-987A-4BF8-BC33-15B012714DDA}.Release|Any CPU.Build.0 = Release|Any CPU
		{F6F3221E-7EB2-4D4B-9369-6158AB94B5E5}.Debug|Any CPU.ActiveCfg = Debug|Any CPU
		{F6F3221E-7EB2-4D4B-9369-6158AB94B5E5}.Debug|Any CPU.Build.0 = Debug|Any CPU
		{F6F3221E-7EB2-4D4B-9369-6158AB94B5E5}.Release|Any CPU.ActiveCfg = Release|Any CPU
		{F6F3221E-7EB2-4D4B-9369-6158AB94B5E5}.Release|Any CPU.Build.0 = Release|Any CPU
		{F5F2D989-7D24-4AE8-97D7-9AA9017A44E7}.Debug|Any CPU.ActiveCfg = Debug|Any CPU
		{F5F2D989-7D24-4AE8-97D7-9AA9017A44E7}.Debug|Any CPU.Build.0 = Debug|Any CPU
		{F5F2D989-7D24-4AE8-97D7-9AA9017A44E7}.Release|Any CPU.ActiveCfg = Release|Any CPU
		{F5F2D989-7D24-4AE8-97D7-9AA9017A44E7}.Release|Any CPU.Build.0 = Release|Any CPU
	EndGlobalSection
	GlobalSection(NestedProjects) = preSolution
		{3389D2D3-8863-4D55-B7E2-9999E5771C46} = {DA5BC98C-79D1-43A7-9A3A-5104280FFA33}
		{3488CA92-B859-4D5C-9E1E-A9A835015A9A} = {3389D2D3-8863-4D55-B7E2-9999E5771C46}
		{E5248DA3-6FE2-4D75-9D5A-7FB103F4BEC4} = {3488CA92-B859-4D5C-9E1E-A9A835015A9A}
		{8FF547DC-10D7-480A-B9A3-E735694DA460} = {3488CA92-B859-4D5C-9E1E-A9A835015A9A}
		{FBE15F3F-D774-4EAE-B47F-CFA71C3B2F2C} = {3488CA92-B859-4D5C-9E1E-A9A835015A9A}
		{4C33EBD2-96E7-4B35-B547-A7D918F641EF} = {3488CA92-B859-4D5C-9E1E-A9A835015A9A}
		{0A34F597-C857-441F-BE9F-DAA7E07B4640} = {3389D2D3-8863-4D55-B7E2-9999E5771C46}
		{8AE7612F-F922-4CB7-BB70-52B1B0B74BCB} = {0A34F597-C857-441F-BE9F-DAA7E07B4640}
		{8D812A2B-4844-4178-9EB4-8E50514658C0} = {DA5BC98C-79D1-43A7-9A3A-5104280FFA33}
		{582409D2-9AFA-452B-A5B3-584A50A17C3B} = {8D812A2B-4844-4178-9EB4-8E50514658C0}
		{F17CAB68-3B78-411B-882A-CFF14AD9BB94} = {582409D2-9AFA-452B-A5B3-584A50A17C3B}
		{5983A0AD-17EC-4F49-85F4-E9EE487CB133} = {582409D2-9AFA-452B-A5B3-584A50A17C3B}
		{B0D8BC13-987A-4BF8-BC33-15B012714DDA} = {582409D2-9AFA-452B-A5B3-584A50A17C3B}
		{F6F3221E-7EB2-4D4B-9369-6158AB94B5E5} = {582409D2-9AFA-452B-A5B3-584A50A17C3B}
		{F8997505-F6F6-4F15-9666-0861A6482122} = {8D812A2B-4844-4178-9EB4-8E50514658C0}
		{F5F2D989-7D24-4AE8-97D7-9AA9017A44E7} = {F8997505-F6F6-4F15-9666-0861A6482122}
	EndGlobalSection
EndGlobal
