
Microsoft Visual Studio Solution File, Format Version 12.00
# Visual Studio Version 17
VisualStudioVersion = 17.0.31903.59
MinimumVisualStudioVersion = 10.0.40219.1
Project("{2150E333-8FDC-42A3-9474-1A3956D46DE8}") = "src", "src", "{5DE2BEBC-C43D-4D25-8951-3F20B3D40A6A}"
EndProject
Project("{FAE04EC0-301F-11D3-BF4B-00C04F79EFBC}") = "API", "src\API\API.csproj", "{06B0CDA8-E8A9-4700-90C2-3CD284D4F36F}"
EndProject
Project("{FAE04EC0-301F-11D3-BF4B-00C04F79EFBC}") = "Application", "src\Application\Application.csproj", "{56CF9795-F95F-4202-932C-084C6241B206}"
EndProject
Project("{FAE04EC0-301F-11D3-BF4B-00C04F79EFBC}") = "Domain", "src\Domain\Domain.csproj", "{7A0A896E-6B36-43F9-B0DF-90881E7B45E1}"
EndProject
Project("{FAE04EC0-301F-11D3-BF4B-00C04F79EFBC}") = "Infrastructure", "src\Infrastructure\Infrastructure.csproj", "{53CA30DD-CC81-4902-8DA1-C0C534CF6C14}"
EndProject
Project("{2150E333-8FDC-42A3-9474-1A3956D46DE8}") = "tests", "tests", "{FA925DF2-60EE-40D1-AE3A-DBBF9B7DDE2C}"
EndProject
Project("{FAE04EC0-301F-11D3-BF4B-00C04F79EFBC}") = "UnitTests", "tests\UnitTests\UnitTests.csproj", "{B0A0AF64-6C65-46DA-8CC6-43A961C5C112}"
EndProject
Global
	GlobalSection(SolutionConfigurationPlatforms) = preSolution
		Debug|Any CPU = Debug|Any CPU
		Release|Any CPU = Release|Any CPU
	EndGlobalSection
	GlobalSection(SolutionProperties) = preSolution
		HideSolutionNode = FALSE
	EndGlobalSection
	GlobalSection(ProjectConfigurationPlatforms) = postSolution
		{06B0CDA8-E8A9-4700-90C2-3CD284D4F36F}.Debug|Any CPU.ActiveCfg = Debug|Any CPU
		{06B0CDA8-E8A9-4700-90C2-3CD284D4F36F}.Debug|Any CPU.Build.0 = Debug|Any CPU
		{06B0CDA8-E8A9-4700-90C2-3CD284D4F36F}.Release|Any CPU.ActiveCfg = Release|Any CPU
		{06B0CDA8-E8A9-4700-90C2-3CD284D4F36F}.Release|Any CPU.Build.0 = Release|Any CPU
		{56CF9795-F95F-4202-932C-084C6241B206}.Debug|Any CPU.ActiveCfg = Debug|Any CPU
		{56CF9795-F95F-4202-932C-084C6241B206}.Debug|Any CPU.Build.0 = Debug|Any CPU
		{56CF9795-F95F-4202-932C-084C6241B206}.Release|Any CPU.ActiveCfg = Release|Any CPU
		{56CF9795-F95F-4202-932C-084C6241B206}.Release|Any CPU.Build.0 = Release|Any CPU
		{7A0A896E-6B36-43F9-B0DF-90881E7B45E1}.Debug|Any CPU.ActiveCfg = Debug|Any CPU
		{7A0A896E-6B36-43F9-B0DF-90881E7B45E1}.Debug|Any CPU.Build.0 = Debug|Any CPU
		{7A0A896E-6B36-43F9-B0DF-90881E7B45E1}.Release|Any CPU.ActiveCfg = Release|Any CPU
		{7A0A896E-6B36-43F9-B0DF-90881E7B45E1}.Release|Any CPU.Build.0 = Release|Any CPU
		{53CA30DD-CC81-4902-8DA1-C0C534CF6C14}.Debug|Any CPU.ActiveCfg = Debug|Any CPU
		{53CA30DD-CC81-4902-8DA1-C0C534CF6C14}.Debug|Any CPU.Build.0 = Debug|Any CPU
		{53CA30DD-CC81-4902-8DA1-C0C534CF6C14}.Release|Any CPU.ActiveCfg = Release|Any CPU
		{53CA30DD-CC81-4902-8DA1-C0C534CF6C14}.Release|Any CPU.Build.0 = Release|Any CPU
		{B0A0AF64-6C65-46DA-8CC6-43A961C5C112}.Debug|Any CPU.ActiveCfg = Debug|Any CPU
		{B0A0AF64-6C65-46DA-8CC6-43A961C5C112}.Debug|Any CPU.Build.0 = Debug|Any CPU
		{B0A0AF64-6C65-46DA-8CC6-43A961C5C112}.Release|Any CPU.ActiveCfg = Release|Any CPU
		{B0A0AF64-6C65-46DA-8CC6-43A961C5C112}.Release|Any CPU.Build.0 = Release|Any CPU
	EndGlobalSection
	GlobalSection(NestedProjects) = preSolution
		{06B0CDA8-E8A9-4700-90C2-3CD284D4F36F} = {5DE2BEBC-C43D-4D25-8951-3F20B3D40A6A}
		{56CF9795-F95F-4202-932C-084C6241B206} = {5DE2BEBC-C43D-4D25-8951-3F20B3D40A6A}
		{7A0A896E-6B36-43F9-B0DF-90881E7B45E1} = {5DE2BEBC-C43D-4D25-8951-3F20B3D40A6A}
		{53CA30DD-CC81-4902-8DA1-C0C534CF6C14} = {5DE2BEBC-C43D-4D25-8951-3F20B3D40A6A}
		{B0A0AF64-6C65-46DA-8CC6-43A961C5C112} = {FA925DF2-60EE-40D1-AE3A-DBBF9B7DDE2C}
	EndGlobalSection
EndGlobal
